
Microsoft Visual Studio Solution File, Format Version 11.00
# Visual Studio 2010
Project("{2150E333-8FDC-42A3-9474-1A3956D46DE8}") = "Application", "Application", "{6E741043-7965-4832-ADEA-2A584834E616}"
EndProject
Project("{2150E333-8FDC-42A3-9474-1A3956D46DE8}") = "Domain", "Domain", "{9B70223D-B545-4D88-A14A-F0CB585755C5}"
EndProject
Project("{2150E333-8FDC-42A3-9474-1A3956D46DE8}") = "Infrastructure", "Infrastructure", "{24174AD1-2261-4839-89B9-E436807DAE6E}"
EndProject
Project("{2150E333-8FDC-42A3-9474-1A3956D46DE8}") = "Interface", "Interface", "{258AD889-2D2E-4751-B739-7345FE523B32}"
EndProject
Project("{2150E333-8FDC-42A3-9474-1A3956D46DE8}") = "Presentation", "Presentation", "{A821E548-F2CD-4F83-A652-65DB305AE952}"
EndProject
Project("{2150E333-8FDC-42A3-9474-1A3956D46DE8}") = "RegisterApp", "RegisterApp", "{0631B75B-5B61-442A-96D9-9B20B21ABC89}"
EndProject
Project("{2150E333-8FDC-42A3-9474-1A3956D46DE8}") = "NDDDSample", "NDDDSample", "{8B683430-4225-4A12-89BD-5ED4405C11CA}"
EndProject
Project("{FAE04EC0-301F-11D3-BF4B-00C04F79EFBC}") = "NDDDSample.Application", "src\NDDDSample\app\application\NDDDSample.Application\NDDDSample.Application.csproj", "{D9890BDD-C115-48F2-9A12-80A516A31ED0}"
EndProject
Project("{FAE04EC0-301F-11D3-BF4B-00C04F79EFBC}") = "NDDDSample.Domain", "src\NDDDSample\app\domain\NDDDSample.Domain\NDDDSample.Domain.csproj", "{A57A3967-E613-4598-94FF-BD55711D4CAD}"
EndProject
Project("{FAE04EC0-301F-11D3-BF4B-00C04F79EFBC}") = "NDDDSample.Infrastructure", "src\NDDDSample\app\infrastructure\NDDDSample.Infrastructure\NDDDSample.Infrastructure.csproj", "{6D41623A-7B9E-4DFA-8F2A-1B4EBEF7F990}"
EndProject
Project("{FAE04EC0-301F-11D3-BF4B-00C04F79EFBC}") = "NDDDSample.Infrastructure.ExternalRouting", "src\NDDDSample\app\infrastructure\NDDDSample.Infrastructure.ExternalRouting\NDDDSample.Infrastructure.ExternalRouting.csproj", "{D3EC535E-06E8-4083-80CF-B94C58DC4052}"
EndProject
Project("{FAE04EC0-301F-11D3-BF4B-00C04F79EFBC}") = "NDDDSample.Persistence.NHibernate", "src\NDDDSample\app\infrastructure\NDDDSample.Persistence.NHibernate\NDDDSample.Persistence.NHibernate.csproj", "{97413EF7-9172-4467-AB4E-ED1155272BD5}"
EndProject
Project("{FAE04EC0-301F-11D3-BF4B-00C04F79EFBC}") = "NDDDSample.Interfaces.BookingRemoteService", "src\NDDDSample\app\interfaces\NDDDSample.Interfaces.BookingRemoteService\NDDDSample.Interfaces.BookingRemoteService.csproj", "{7C9A434D-BC0E-4692-862D-56F57D39EFD6}"
EndProject
Project("{FAE04EC0-301F-11D3-BF4B-00C04F79EFBC}") = "NDDDSample.Interfaces.BookingRemoteService.Common", "src\NDDDSample\app\interfaces\NDDDSample.Interfaces.BookingRemoteService.Common\NDDDSample.Interfaces.BookingRemoteService.Common.csproj", "{B293706A-1955-4A51-9E87-E7F03FB3728B}"
EndProject
Project("{FAE04EC0-301F-11D3-BF4B-00C04F79EFBC}") = "NDDDSample.Interfaces.BookingRemoteService.Host", "src\NDDDSample\app\interfaces\NDDDSample.Interfaces.BookingRemoteService.Host\NDDDSample.Interfaces.BookingRemoteService.Host.csproj", "{C9DF9187-3933-4B5C-9603-BFE9262F922B}"
EndProject
Project("{FAE04EC0-301F-11D3-BF4B-00C04F79EFBC}") = "NDDDSample.Interfaces.HandlingService", "src\NDDDSample\app\interfaces\NDDDSample.Interfaces.HandlingService\NDDDSample.Interfaces.HandlingService.csproj", "{7013BC18-4994-4BAC-98E2-04F06D141AA6}"
EndProject
Project("{FAE04EC0-301F-11D3-BF4B-00C04F79EFBC}") = "NDDDSample.Interfaces.PathfinderRemoteService", "src\NDDDSample\app\interfaces\NDDDSample.Interfaces.PathfinderRemoteService\NDDDSample.Interfaces.PathfinderRemoteService.csproj", "{C61C3E52-729B-4EE3-A57E-C3D72CAEF65D}"
EndProject
Project("{FAE04EC0-301F-11D3-BF4B-00C04F79EFBC}") = "NDDDSample.Interfaces.PathfinderRemoteService.Common", "src\NDDDSample\app\interfaces\NDDDSample.Interfaces.PathfinderRemoteService.Common\NDDDSample.Interfaces.PathfinderRemoteService.Common.csproj", "{053C0D25-1C3D-4F9F-9FBA-44762592C9D4}"
EndProject
Project("{FAE04EC0-301F-11D3-BF4B-00C04F79EFBC}") = "NDDDSample.Interfaces.PathfinderRemoteService.Host", "src\NDDDSample\app\interfaces\NDDDSample.Interfaces.PathfinderRemoteService.Host\NDDDSample.Interfaces.PathfinderRemoteService.Host.csproj", "{0F67C72B-FD83-4157-B8A3-055655B3AFE7}"
EndProject
Project("{FAE04EC0-301F-11D3-BF4B-00C04F79EFBC}") = "NDDDSample.Web", "src\NDDDSample\app\presentation\NDDDSample.Web\NDDDSample.Web.csproj", "{19EFF15A-883F-428D-B1FE-1EFC02897023}"
EndProject
Project("{FAE04EC0-301F-11D3-BF4B-00C04F79EFBC}") = "NDDDSample.Web.Controllers", "src\NDDDSample\app\presentation\NDDDSample.Web.Controllers\NDDDSample.Web.Controllers.csproj", "{CA4C3E92-0FBC-4305-BD7C-D546FEAAA5D7}"
EndProject
Project("{FAE04EC0-301F-11D3-BF4B-00C04F79EFBC}") = "NDDDSample.Tests", "src\NDDDSample\test\NDDDSample.Tests\NDDDSample.Tests.csproj", "{85016CA7-7628-4E77-8E8B-65FD22ED57B9}"
EndProject
Project("{FAE04EC0-301F-11D3-BF4B-00C04F79EFBC}") = "NDDDSample.RegisterApp", "src\RegisterApp\NDDDSample.RegisterApp\NDDDSample.RegisterApp.csproj", "{7E94A1FB-CA89-4955-95B7-CD95DC0D8B0C}"
EndProject
Project("{FAE04EC0-301F-11D3-BF4B-00C04F79EFBC}") = "NDDDSample.RegisterApp.Tests", "src\RegisterApp\NDDDSample.RegisterApp.Tests\NDDDSample.RegisterApp.Tests.csproj", "{1077B4D9-3B5D-4623-904E-9D9D30FAE4E1}"
EndProject
Project("{FAE04EC0-301F-11D3-BF4B-00C04F79EFBC}") = "NDDDSample.Interfaces.HandlingService.Host", "src\NDDDSample\app\interfaces\NDDDSample.Interfaces.HandlingService.Host\NDDDSample.Interfaces.HandlingService.Host.csproj", "{B3CD22B6-C615-4289-836C-0BF5D7F9D188}"
EndProject
Project("{2150E333-8FDC-42A3-9474-1A3956D46DE8}") = "Cloud", "Cloud", "{ED3ECADC-0BAE-4657-8041-5A56F29313E0}"
EndProject
Project("{FAE04EC0-301F-11D3-BF4B-00C04F79EFBC}") = "BookingRemoteServiceWorkerRole", "src\NDDDSample\app\cloud\BookingRemoteServiceWorkerRole\BookingRemoteServiceWorkerRole.csproj", "{5B0045FC-6B6D-4A65-9488-21F306D49A5D}"
EndProject
Project("{FAE04EC0-301F-11D3-BF4B-00C04F79EFBC}") = "HandlingServiceWorkerRole", "src\NDDDSample\app\cloud\HandlingServiceWorkerRole\HandlingServiceWorkerRole.csproj", "{CD8302C6-49EC-4ED0-966F-86BA49AD15B8}"
EndProject
Project("{FAE04EC0-301F-11D3-BF4B-00C04F79EFBC}") = "PathfinderRemoteServiceWorkerRole", "src\NDDDSample\app\cloud\PathfinderRemoteServiceWorkerRole\PathfinderRemoteServiceWorkerRole.csproj", "{C7B21E84-5C25-41B6-BA29-964FDDB321BC}"
EndProject
Project("{CC5FD16D-436D-48AD-A40C-5A424C6E3E79}") = "NDDDCloudService", "src\NDDDSample\app\cloud\NDDDCloudService\NDDDCloudService.ccproj", "{7514EA41-690B-402A-A0EF-D291B8A06697}"
EndProject
Global
	GlobalSection(SolutionConfigurationPlatforms) = preSolution
		Debug|Any CPU = Debug|Any CPU
		Release|Any CPU = Release|Any CPU
	EndGlobalSection
	GlobalSection(ProjectConfigurationPlatforms) = postSolution
		{D9890BDD-C115-48F2-9A12-80A516A31ED0}.Debug|Any CPU.ActiveCfg = Debug|Any CPU
		{D9890BDD-C115-48F2-9A12-80A516A31ED0}.Debug|Any CPU.Build.0 = Debug|Any CPU
		{D9890BDD-C115-48F2-9A12-80A516A31ED0}.Release|Any CPU.ActiveCfg = Release|Any CPU
		{D9890BDD-C115-48F2-9A12-80A516A31ED0}.Release|Any CPU.Build.0 = Release|Any CPU
		{A57A3967-E613-4598-94FF-BD55711D4CAD}.Debug|Any CPU.ActiveCfg = Debug|Any CPU
		{A57A3967-E613-4598-94FF-BD55711D4CAD}.Debug|Any CPU.Build.0 = Debug|Any CPU
		{A57A3967-E613-4598-94FF-BD55711D4CAD}.Release|Any CPU.ActiveCfg = Release|Any CPU
		{A57A3967-E613-4598-94FF-BD55711D4CAD}.Release|Any CPU.Build.0 = Release|Any CPU
		{6D41623A-7B9E-4DFA-8F2A-1B4EBEF7F990}.Debug|Any CPU.ActiveCfg = Debug|Any CPU
		{6D41623A-7B9E-4DFA-8F2A-1B4EBEF7F990}.Debug|Any CPU.Build.0 = Debug|Any CPU
		{6D41623A-7B9E-4DFA-8F2A-1B4EBEF7F990}.Release|Any CPU.ActiveCfg = Release|Any CPU
		{6D41623A-7B9E-4DFA-8F2A-1B4EBEF7F990}.Release|Any CPU.Build.0 = Release|Any CPU
		{D3EC535E-06E8-4083-80CF-B94C58DC4052}.Debug|Any CPU.ActiveCfg = Debug|Any CPU
		{D3EC535E-06E8-4083-80CF-B94C58DC4052}.Debug|Any CPU.Build.0 = Debug|Any CPU
		{D3EC535E-06E8-4083-80CF-B94C58DC4052}.Release|Any CPU.ActiveCfg = Release|Any CPU
		{D3EC535E-06E8-4083-80CF-B94C58DC4052}.Release|Any CPU.Build.0 = Release|Any CPU
		{97413EF7-9172-4467-AB4E-ED1155272BD5}.Debug|Any CPU.ActiveCfg = Debug|Any CPU
		{97413EF7-9172-4467-AB4E-ED1155272BD5}.Debug|Any CPU.Build.0 = Debug|Any CPU
		{97413EF7-9172-4467-AB4E-ED1155272BD5}.Release|Any CPU.ActiveCfg = Release|Any CPU
		{97413EF7-9172-4467-AB4E-ED1155272BD5}.Release|Any CPU.Build.0 = Release|Any CPU
		{7C9A434D-BC0E-4692-862D-56F57D39EFD6}.Debug|Any CPU.ActiveCfg = Debug|Any CPU
		{7C9A434D-BC0E-4692-862D-56F57D39EFD6}.Debug|Any CPU.Build.0 = Debug|Any CPU
		{7C9A434D-BC0E-4692-862D-56F57D39EFD6}.Release|Any CPU.ActiveCfg = Release|Any CPU
		{7C9A434D-BC0E-4692-862D-56F57D39EFD6}.Release|Any CPU.Build.0 = Release|Any CPU
		{B293706A-1955-4A51-9E87-E7F03FB3728B}.Debug|Any CPU.ActiveCfg = Debug|Any CPU
		{B293706A-1955-4A51-9E87-E7F03FB3728B}.Debug|Any CPU.Build.0 = Debug|Any CPU
		{B293706A-1955-4A51-9E87-E7F03FB3728B}.Release|Any CPU.ActiveCfg = Release|Any CPU
		{B293706A-1955-4A51-9E87-E7F03FB3728B}.Release|Any CPU.Build.0 = Release|Any CPU
		{C9DF9187-3933-4B5C-9603-BFE9262F922B}.Debug|Any CPU.ActiveCfg = Debug|Any CPU
		{C9DF9187-3933-4B5C-9603-BFE9262F922B}.Debug|Any CPU.Build.0 = Debug|Any CPU
		{C9DF9187-3933-4B5C-9603-BFE9262F922B}.Release|Any CPU.ActiveCfg = Release|Any CPU
		{C9DF9187-3933-4B5C-9603-BFE9262F922B}.Release|Any CPU.Build.0 = Release|Any CPU
		{7013BC18-4994-4BAC-98E2-04F06D141AA6}.Debug|Any CPU.ActiveCfg = Debug|Any CPU
		{7013BC18-4994-4BAC-98E2-04F06D141AA6}.Debug|Any CPU.Build.0 = Debug|Any CPU
		{7013BC18-4994-4BAC-98E2-04F06D141AA6}.Release|Any CPU.ActiveCfg = Release|Any CPU
		{7013BC18-4994-4BAC-98E2-04F06D141AA6}.Release|Any CPU.Build.0 = Release|Any CPU
		{C61C3E52-729B-4EE3-A57E-C3D72CAEF65D}.Debug|Any CPU.ActiveCfg = Debug|Any CPU
		{C61C3E52-729B-4EE3-A57E-C3D72CAEF65D}.Debug|Any CPU.Build.0 = Debug|Any CPU
		{C61C3E52-729B-4EE3-A57E-C3D72CAEF65D}.Release|Any CPU.ActiveCfg = Release|Any CPU
		{C61C3E52-729B-4EE3-A57E-C3D72CAEF65D}.Release|Any CPU.Build.0 = Release|Any CPU
		{053C0D25-1C3D-4F9F-9FBA-44762592C9D4}.Debug|Any CPU.ActiveCfg = Debug|Any CPU
		{053C0D25-1C3D-4F9F-9FBA-44762592C9D4}.Debug|Any CPU.Build.0 = Debug|Any CPU
		{053C0D25-1C3D-4F9F-9FBA-44762592C9D4}.Release|Any CPU.ActiveCfg = Release|Any CPU
		{053C0D25-1C3D-4F9F-9FBA-44762592C9D4}.Release|Any CPU.Build.0 = Release|Any CPU
		{0F67C72B-FD83-4157-B8A3-055655B3AFE7}.Debug|Any CPU.ActiveCfg = Debug|Any CPU
		{0F67C72B-FD83-4157-B8A3-055655B3AFE7}.Debug|Any CPU.Build.0 = Debug|Any CPU
		{0F67C72B-FD83-4157-B8A3-055655B3AFE7}.Release|Any CPU.ActiveCfg = Release|Any CPU
		{0F67C72B-FD83-4157-B8A3-055655B3AFE7}.Release|Any CPU.Build.0 = Release|Any CPU
		{19EFF15A-883F-428D-B1FE-1EFC02897023}.Debug|Any CPU.ActiveCfg = Debug|Any CPU
		{19EFF15A-883F-428D-B1FE-1EFC02897023}.Debug|Any CPU.Build.0 = Debug|Any CPU
		{19EFF15A-883F-428D-B1FE-1EFC02897023}.Release|Any CPU.ActiveCfg = Release|Any CPU
		{19EFF15A-883F-428D-B1FE-1EFC02897023}.Release|Any CPU.Build.0 = Release|Any CPU
		{CA4C3E92-0FBC-4305-BD7C-D546FEAAA5D7}.Debug|Any CPU.ActiveCfg = Debug|Any CPU
		{CA4C3E92-0FBC-4305-BD7C-D546FEAAA5D7}.Debug|Any CPU.Build.0 = Debug|Any CPU
		{CA4C3E92-0FBC-4305-BD7C-D546FEAAA5D7}.Release|Any CPU.ActiveCfg = Release|Any CPU
		{CA4C3E92-0FBC-4305-BD7C-D546FEAAA5D7}.Release|Any CPU.Build.0 = Release|Any CPU
		{85016CA7-7628-4E77-8E8B-65FD22ED57B9}.Debug|Any CPU.ActiveCfg = Debug|Any CPU
		{85016CA7-7628-4E77-8E8B-65FD22ED57B9}.Debug|Any CPU.Build.0 = Debug|Any CPU
		{85016CA7-7628-4E77-8E8B-65FD22ED57B9}.Release|Any CPU.ActiveCfg = Release|Any CPU
		{85016CA7-7628-4E77-8E8B-65FD22ED57B9}.Release|Any CPU.Build.0 = Release|Any CPU
		{7E94A1FB-CA89-4955-95B7-CD95DC0D8B0C}.Debug|Any CPU.ActiveCfg = Debug|Any CPU
		{7E94A1FB-CA89-4955-95B7-CD95DC0D8B0C}.Debug|Any CPU.Build.0 = Debug|Any CPU
		{7E94A1FB-CA89-4955-95B7-CD95DC0D8B0C}.Release|Any CPU.ActiveCfg = Release|Any CPU
		{7E94A1FB-CA89-4955-95B7-CD95DC0D8B0C}.Release|Any CPU.Build.0 = Release|Any CPU
		{1077B4D9-3B5D-4623-904E-9D9D30FAE4E1}.Debug|Any CPU.ActiveCfg = Debug|Any CPU
		{1077B4D9-3B5D-4623-904E-9D9D30FAE4E1}.Debug|Any CPU.Build.0 = Debug|Any CPU
		{1077B4D9-3B5D-4623-904E-9D9D30FAE4E1}.Release|Any CPU.ActiveCfg = Release|Any CPU
		{1077B4D9-3B5D-4623-904E-9D9D30FAE4E1}.Release|Any CPU.Build.0 = Release|Any CPU
		{B3CD22B6-C615-4289-836C-0BF5D7F9D188}.Debug|Any CPU.ActiveCfg = Debug|Any CPU
		{B3CD22B6-C615-4289-836C-0BF5D7F9D188}.Debug|Any CPU.Build.0 = Debug|Any CPU
		{B3CD22B6-C615-4289-836C-0BF5D7F9D188}.Release|Any CPU.ActiveCfg = Release|Any CPU
		{B3CD22B6-C615-4289-836C-0BF5D7F9D188}.Release|Any CPU.Build.0 = Release|Any CPU
		{5B0045FC-6B6D-4A65-9488-21F306D49A5D}.Debug|Any CPU.ActiveCfg = Debug|Any CPU
		{5B0045FC-6B6D-4A65-9488-21F306D49A5D}.Debug|Any CPU.Build.0 = Debug|Any CPU
		{5B0045FC-6B6D-4A65-9488-21F306D49A5D}.Release|Any CPU.ActiveCfg = Release|Any CPU
		{5B0045FC-6B6D-4A65-9488-21F306D49A5D}.Release|Any CPU.Build.0 = Release|Any CPU
		{CD8302C6-49EC-4ED0-966F-86BA49AD15B8}.Debug|Any CPU.ActiveCfg = Debug|Any CPU
		{CD8302C6-49EC-4ED0-966F-86BA49AD15B8}.Debug|Any CPU.Build.0 = Debug|Any CPU
		{CD8302C6-49EC-4ED0-966F-86BA49AD15B8}.Release|Any CPU.ActiveCfg = Release|Any CPU
		{CD8302C6-49EC-4ED0-966F-86BA49AD15B8}.Release|Any CPU.Build.0 = Release|Any CPU
		{C7B21E84-5C25-41B6-BA29-964FDDB321BC}.Debug|Any CPU.ActiveCfg = Debug|Any CPU
		{C7B21E84-5C25-41B6-BA29-964FDDB321BC}.Debug|Any CPU.Build.0 = Debug|Any CPU
		{C7B21E84-5C25-41B6-BA29-964FDDB321BC}.Release|Any CPU.ActiveCfg = Release|Any CPU
		{C7B21E84-5C25-41B6-BA29-964FDDB321BC}.Release|Any CPU.Build.0 = Release|Any CPU
		{7514EA41-690B-402A-A0EF-D291B8A06697}.Debug|Any CPU.ActiveCfg = Debug|Any CPU
		{7514EA41-690B-402A-A0EF-D291B8A06697}.Debug|Any CPU.Build.0 = Debug|Any CPU
		{7514EA41-690B-402A-A0EF-D291B8A06697}.Release|Any CPU.ActiveCfg = Release|Any CPU
		{7514EA41-690B-402A-A0EF-D291B8A06697}.Release|Any CPU.Build.0 = Release|Any CPU
	EndGlobalSection
	GlobalSection(SolutionProperties) = preSolution
		HideSolutionNode = FALSE
	EndGlobalSection
	GlobalSection(NestedProjects) = preSolution
		{9B70223D-B545-4D88-A14A-F0CB585755C5} = {8B683430-4225-4A12-89BD-5ED4405C11CA}
		{24174AD1-2261-4839-89B9-E436807DAE6E} = {8B683430-4225-4A12-89BD-5ED4405C11CA}
		{258AD889-2D2E-4751-B739-7345FE523B32} = {8B683430-4225-4A12-89BD-5ED4405C11CA}
		{A821E548-F2CD-4F83-A652-65DB305AE952} = {8B683430-4225-4A12-89BD-5ED4405C11CA}
		{6E741043-7965-4832-ADEA-2A584834E616} = {8B683430-4225-4A12-89BD-5ED4405C11CA}
		{85016CA7-7628-4E77-8E8B-65FD22ED57B9} = {8B683430-4225-4A12-89BD-5ED4405C11CA}
		{ED3ECADC-0BAE-4657-8041-5A56F29313E0} = {8B683430-4225-4A12-89BD-5ED4405C11CA}
		{A57A3967-E613-4598-94FF-BD55711D4CAD} = {9B70223D-B545-4D88-A14A-F0CB585755C5}
		{6D41623A-7B9E-4DFA-8F2A-1B4EBEF7F990} = {24174AD1-2261-4839-89B9-E436807DAE6E}
		{D3EC535E-06E8-4083-80CF-B94C58DC4052} = {24174AD1-2261-4839-89B9-E436807DAE6E}
		{97413EF7-9172-4467-AB4E-ED1155272BD5} = {24174AD1-2261-4839-89B9-E436807DAE6E}
		{7C9A434D-BC0E-4692-862D-56F57D39EFD6} = {258AD889-2D2E-4751-B739-7345FE523B32}
		{B293706A-1955-4A51-9E87-E7F03FB3728B} = {258AD889-2D2E-4751-B739-7345FE523B32}
		{C9DF9187-3933-4B5C-9603-BFE9262F922B} = {258AD889-2D2E-4751-B739-7345FE523B32}
		{7013BC18-4994-4BAC-98E2-04F06D141AA6} = {258AD889-2D2E-4751-B739-7345FE523B32}
		{C61C3E52-729B-4EE3-A57E-C3D72CAEF65D} = {258AD889-2D2E-4751-B739-7345FE523B32}
		{053C0D25-1C3D-4F9F-9FBA-44762592C9D4} = {258AD889-2D2E-4751-B739-7345FE523B32}
		{0F67C72B-FD83-4157-B8A3-055655B3AFE7} = {258AD889-2D2E-4751-B739-7345FE523B32}
		{B3CD22B6-C615-4289-836C-0BF5D7F9D188} = {258AD889-2D2E-4751-B739-7345FE523B32}
		{19EFF15A-883F-428D-B1FE-1EFC02897023} = {A821E548-F2CD-4F83-A652-65DB305AE952}
		{CA4C3E92-0FBC-4305-BD7C-D546FEAAA5D7} = {A821E548-F2CD-4F83-A652-65DB305AE952}
		{7E94A1FB-CA89-4955-95B7-CD95DC0D8B0C} = {0631B75B-5B61-442A-96D9-9B20B21ABC89}
		{1077B4D9-3B5D-4623-904E-9D9D30FAE4E1} = {0631B75B-5B61-442A-96D9-9B20B21ABC89}
		{D9890BDD-C115-48F2-9A12-80A516A31ED0} = {6E741043-7965-4832-ADEA-2A584834E616}
		{5B0045FC-6B6D-4A65-9488-21F306D49A5D} = {ED3ECADC-0BAE-4657-8041-5A56F29313E0}
		{CD8302C6-49EC-4ED0-966F-86BA49AD15B8} = {ED3ECADC-0BAE-4657-8041-5A56F29313E0}
		{C7B21E84-5C25-41B6-BA29-964FDDB321BC} = {ED3ECADC-0BAE-4657-8041-5A56F29313E0}
		{7514EA41-690B-402A-A0EF-D291B8A06697} = {ED3ECADC-0BAE-4657-8041-5A56F29313E0}
	EndGlobalSection
EndGlobal
